
Microsoft Visual Studio Solution File, Format Version 12.00
# Visual Studio Version 17
VisualStudioVersion = 17.5.33516.290
MinimumVisualStudioVersion = 10.0.40219.1
Project("{FAE04EC0-301F-11D3-BF4B-00C04F79EFBC}") = "practice 3 keshav", "practice 2 keshav\practice 3 keshav.csproj", "{4664F54A-887F-4A09-BCD0-2F54FFCD8BE6}"
EndProject
Global
	GlobalSection(SolutionConfigurationPlatforms) = preSolution
		Debug|Any CPU = Debug|Any CPU
		Release|Any CPU = Release|Any CPU
	EndGlobalSection
	GlobalSection(ProjectConfigurationPlatforms) = postSolution
		{4664F54A-887F-4A09-BCD0-2F54FFCD8BE6}.Debug|Any CPU.ActiveCfg = Debug|Any CPU
		{4664F54A-887F-4A09-BCD0-2F54FFCD8BE6}.Debug|Any CPU.Build.0 = Debug|Any CPU
		{4664F54A-887F-4A09-BCD0-2F54FFCD8BE6}.Release|Any CPU.ActiveCfg = Release|Any CPU
		{4664F54A-887F-4A09-BCD0-2F54FFCD8BE6}.Release|Any CPU.Build.0 = Release|Any CPU
	EndGlobalSection
	GlobalSection(SolutionProperties) = preSolution
		HideSolutionNode = FALSE
	EndGlobalSection
	GlobalSection(ExtensibilityGlobals) = postSolution
		SolutionGuid = {AF429E5E-5291-4AE9-AB1D-1249FEC43CBE}
	EndGlobalSection
EndGlobal
