
Microsoft Visual Studio Solution File, Format Version 12.00
# Visual Studio Version 17
VisualStudioVersion = 17.5.33516.290
MinimumVisualStudioVersion = 10.0.40219.1
Project("{FAE04EC0-301F-11D3-BF4B-00C04F79EFBC}") = "2D array", "2D array\2D array.csproj", "{23531CCD-24EC-473A-87CE-EAD05ADF7E5E}"
EndProject
Global
	GlobalSection(SolutionConfigurationPlatforms) = preSolution
		Debug|Any CPU = Debug|Any CPU
		Release|Any CPU = Release|Any CPU
	EndGlobalSection
	GlobalSection(ProjectConfigurationPlatforms) = postSolution
		{23531CCD-24EC-473A-87CE-EAD05ADF7E5E}.Debug|Any CPU.ActiveCfg = Debug|Any CPU
		{23531CCD-24EC-473A-87CE-EAD05ADF7E5E}.Debug|Any CPU.Build.0 = Debug|Any CPU
		{23531CCD-24EC-473A-87CE-EAD05ADF7E5E}.Release|Any CPU.ActiveCfg = Release|Any CPU
		{23531CCD-24EC-473A-87CE-EAD05ADF7E5E}.Release|Any CPU.Build.0 = Release|Any CPU
	EndGlobalSection
	GlobalSection(SolutionProperties) = preSolution
		HideSolutionNode = FALSE
	EndGlobalSection
	GlobalSection(ExtensibilityGlobals) = postSolution
		SolutionGuid = {73A33BD0-0F13-4A23-8BA5-239CA87FB688}
	EndGlobalSection
EndGlobal
