
Microsoft Visual Studio Solution File, Format Version 12.00
# Visual Studio Version 17
VisualStudioVersion = 17.5.33516.290
MinimumVisualStudioVersion = 10.0.40219.1
Project("{FAE04EC0-301F-11D3-BF4B-00C04F79EFBC}") = "Values", "Values\Values.csproj", "{68787E57-1A2B-41AF-8B90-FAEB3213FCA1}"
EndProject
Global
	GlobalSection(SolutionConfigurationPlatforms) = preSolution
		Debug|Any CPU = Debug|Any CPU
		Release|Any CPU = Release|Any CPU
	EndGlobalSection
	GlobalSection(ProjectConfigurationPlatforms) = postSolution
		{68787E57-1A2B-41AF-8B90-FAEB3213FCA1}.Debug|Any CPU.ActiveCfg = Debug|Any CPU
		{68787E57-1A2B-41AF-8B90-FAEB3213FCA1}.Debug|Any CPU.Build.0 = Debug|Any CPU
		{68787E57-1A2B-41AF-8B90-FAEB3213FCA1}.Release|Any CPU.ActiveCfg = Release|Any CPU
		{68787E57-1A2B-41AF-8B90-FAEB3213FCA1}.Release|Any CPU.Build.0 = Release|Any CPU
	EndGlobalSection
	GlobalSection(SolutionProperties) = preSolution
		HideSolutionNode = FALSE
	EndGlobalSection
	GlobalSection(ExtensibilityGlobals) = postSolution
		SolutionGuid = {E25E21C9-0E79-4598-B5A5-121C9FEA49D0}
	EndGlobalSection
EndGlobal
