
Microsoft Visual Studio Solution File, Format Version 12.00
# Visual Studio Version 17
VisualStudioVersion = 17.5.33516.290
MinimumVisualStudioVersion = 10.0.40219.1
Project("{FAE04EC0-301F-11D3-BF4B-00C04F79EFBC}") = "abdtract", "abdtract\abdtract.csproj", "{C806E936-6B78-470B-A300-3211D48DEA5D}"
EndProject
Global
	GlobalSection(SolutionConfigurationPlatforms) = preSolution
		Debug|Any CPU = Debug|Any CPU
		Release|Any CPU = Release|Any CPU
	EndGlobalSection
	GlobalSection(ProjectConfigurationPlatforms) = postSolution
		{C806E936-6B78-470B-A300-3211D48DEA5D}.Debug|Any CPU.ActiveCfg = Debug|Any CPU
		{C806E936-6B78-470B-A300-3211D48DEA5D}.Debug|Any CPU.Build.0 = Debug|Any CPU
		{C806E936-6B78-470B-A300-3211D48DEA5D}.Release|Any CPU.ActiveCfg = Release|Any CPU
		{C806E936-6B78-470B-A300-3211D48DEA5D}.Release|Any CPU.Build.0 = Release|Any CPU
	EndGlobalSection
	GlobalSection(SolutionProperties) = preSolution
		HideSolutionNode = FALSE
	EndGlobalSection
	GlobalSection(ExtensibilityGlobals) = postSolution
		SolutionGuid = {8BE1EB16-21CC-4648-860E-CB1ADB72A3F0}
	EndGlobalSection
EndGlobal
