
Microsoft Visual Studio Solution File, Format Version 12.00
# Visual Studio Version 17
VisualStudioVersion = 17.5.33516.290
MinimumVisualStudioVersion = 10.0.40219.1
Project("{FAE04EC0-301F-11D3-BF4B-00C04F79EFBC}") = "Array 1", "Array 1\Array 1.csproj", "{CBEFEF26-86FE-4B83-8D7B-76308A7F732E}"
EndProject
Global
	GlobalSection(SolutionConfigurationPlatforms) = preSolution
		Debug|Any CPU = Debug|Any CPU
		Release|Any CPU = Release|Any CPU
	EndGlobalSection
	GlobalSection(ProjectConfigurationPlatforms) = postSolution
		{CBEFEF26-86FE-4B83-8D7B-76308A7F732E}.Debug|Any CPU.ActiveCfg = Debug|Any CPU
		{CBEFEF26-86FE-4B83-8D7B-76308A7F732E}.Debug|Any CPU.Build.0 = Debug|Any CPU
		{CBEFEF26-86FE-4B83-8D7B-76308A7F732E}.Release|Any CPU.ActiveCfg = Release|Any CPU
		{CBEFEF26-86FE-4B83-8D7B-76308A7F732E}.Release|Any CPU.Build.0 = Release|Any CPU
	EndGlobalSection
	GlobalSection(SolutionProperties) = preSolution
		HideSolutionNode = FALSE
	EndGlobalSection
	GlobalSection(ExtensibilityGlobals) = postSolution
		SolutionGuid = {77E84DDE-24B5-4F57-8B7C-3FF4459992D4}
	EndGlobalSection
EndGlobal
