
Microsoft Visual Studio Solution File, Format Version 12.00
# Visual Studio Version 17
VisualStudioVersion = 17.5.33516.290
MinimumVisualStudioVersion = 10.0.40219.1
Project("{FAE04EC0-301F-11D3-BF4B-00C04F79EFBC}") = "first qn", "first qn\first qn.csproj", "{96B21249-02FB-49BA-9E77-D5B51ED6B0EA}"
EndProject
Global
	GlobalSection(SolutionConfigurationPlatforms) = preSolution
		Debug|Any CPU = Debug|Any CPU
		Release|Any CPU = Release|Any CPU
	EndGlobalSection
	GlobalSection(ProjectConfigurationPlatforms) = postSolution
		{96B21249-02FB-49BA-9E77-D5B51ED6B0EA}.Debug|Any CPU.ActiveCfg = Debug|Any CPU
		{96B21249-02FB-49BA-9E77-D5B51ED6B0EA}.Debug|Any CPU.Build.0 = Debug|Any CPU
		{96B21249-02FB-49BA-9E77-D5B51ED6B0EA}.Release|Any CPU.ActiveCfg = Release|Any CPU
		{96B21249-02FB-49BA-9E77-D5B51ED6B0EA}.Release|Any CPU.Build.0 = Release|Any CPU
	EndGlobalSection
	GlobalSection(SolutionProperties) = preSolution
		HideSolutionNode = FALSE
	EndGlobalSection
	GlobalSection(ExtensibilityGlobals) = postSolution
		SolutionGuid = {070F8912-1650-445A-8D2B-989DB65455DA}
	EndGlobalSection
EndGlobal
