
Microsoft Visual Studio Solution File, Format Version 12.00
# Visual Studio Version 17
VisualStudioVersion = 17.5.33516.290
MinimumVisualStudioVersion = 10.0.40219.1
Project("{FAE04EC0-301F-11D3-BF4B-00C04F79EFBC}") = "practice class", "practice class\practice class.csproj", "{0EA8C584-E7C0-477C-BC35-BC3CC3EC7198}"
EndProject
Global
	GlobalSection(SolutionConfigurationPlatforms) = preSolution
		Debug|Any CPU = Debug|Any CPU
		Release|Any CPU = Release|Any CPU
	EndGlobalSection
	GlobalSection(ProjectConfigurationPlatforms) = postSolution
		{0EA8C584-E7C0-477C-BC35-BC3CC3EC7198}.Debug|Any CPU.ActiveCfg = Debug|Any CPU
		{0EA8C584-E7C0-477C-BC35-BC3CC3EC7198}.Debug|Any CPU.Build.0 = Debug|Any CPU
		{0EA8C584-E7C0-477C-BC35-BC3CC3EC7198}.Release|Any CPU.ActiveCfg = Release|Any CPU
		{0EA8C584-E7C0-477C-BC35-BC3CC3EC7198}.Release|Any CPU.Build.0 = Release|Any CPU
	EndGlobalSection
	GlobalSection(SolutionProperties) = preSolution
		HideSolutionNode = FALSE
	EndGlobalSection
	GlobalSection(ExtensibilityGlobals) = postSolution
		SolutionGuid = {C1EDB170-1EC0-48DF-8DE8-4463B99C805D}
	EndGlobalSection
EndGlobal
