
Microsoft Visual Studio Solution File, Format Version 12.00
# Visual Studio Version 17
VisualStudioVersion = 17.5.33516.290
MinimumVisualStudioVersion = 10.0.40219.1
Project("{FAE04EC0-301F-11D3-BF4B-00C04F79EFBC}") = "inheritance Telephn", "inheritance Telephn\inheritance Telephn.csproj", "{D932F179-CE72-4AAD-A658-0A95620797A8}"
EndProject
Global
	GlobalSection(SolutionConfigurationPlatforms) = preSolution
		Debug|Any CPU = Debug|Any CPU
		Release|Any CPU = Release|Any CPU
	EndGlobalSection
	GlobalSection(ProjectConfigurationPlatforms) = postSolution
		{D932F179-CE72-4AAD-A658-0A95620797A8}.Debug|Any CPU.ActiveCfg = Debug|Any CPU
		{D932F179-CE72-4AAD-A658-0A95620797A8}.Debug|Any CPU.Build.0 = Debug|Any CPU
		{D932F179-CE72-4AAD-A658-0A95620797A8}.Release|Any CPU.ActiveCfg = Release|Any CPU
		{D932F179-CE72-4AAD-A658-0A95620797A8}.Release|Any CPU.Build.0 = Release|Any CPU
	EndGlobalSection
	GlobalSection(SolutionProperties) = preSolution
		HideSolutionNode = FALSE
	EndGlobalSection
	GlobalSection(ExtensibilityGlobals) = postSolution
		SolutionGuid = {FB28B18E-C23C-483F-9B34-9AB332B72EA8}
	EndGlobalSection
EndGlobal
