
Microsoft Visual Studio Solution File, Format Version 12.00
# Visual Studio Version 17
VisualStudioVersion = 17.5.33516.290
MinimumVisualStudioVersion = 10.0.40219.1
Project("{FAE04EC0-301F-11D3-BF4B-00C04F79EFBC}") = "Anonymous method 2", "Anonymous method 2\Anonymous method 2.csproj", "{CF2B12E9-F302-4B5C-AE93-44D6F516645B}"
EndProject
Global
	GlobalSection(SolutionConfigurationPlatforms) = preSolution
		Debug|Any CPU = Debug|Any CPU
		Release|Any CPU = Release|Any CPU
	EndGlobalSection
	GlobalSection(ProjectConfigurationPlatforms) = postSolution
		{CF2B12E9-F302-4B5C-AE93-44D6F516645B}.Debug|Any CPU.ActiveCfg = Debug|Any CPU
		{CF2B12E9-F302-4B5C-AE93-44D6F516645B}.Debug|Any CPU.Build.0 = Debug|Any CPU
		{CF2B12E9-F302-4B5C-AE93-44D6F516645B}.Release|Any CPU.ActiveCfg = Release|Any CPU
		{CF2B12E9-F302-4B5C-AE93-44D6F516645B}.Release|Any CPU.Build.0 = Release|Any CPU
	EndGlobalSection
	GlobalSection(SolutionProperties) = preSolution
		HideSolutionNode = FALSE
	EndGlobalSection
	GlobalSection(ExtensibilityGlobals) = postSolution
		SolutionGuid = {28040263-386D-4E73-9DA4-D80104ED2129}
	EndGlobalSection
EndGlobal
