
Microsoft Visual Studio Solution File, Format Version 12.00
# Visual Studio Version 17
VisualStudioVersion = 17.5.33516.290
MinimumVisualStudioVersion = 10.0.40219.1
Project("{FAE04EC0-301F-11D3-BF4B-00C04F79EFBC}") = "Abstraction using System;", "Abstraction using System;\Abstraction using System;.csproj", "{888C8330-B9D0-4E05-A96C-A37801D7EA4C}"
EndProject
Global
	GlobalSection(SolutionConfigurationPlatforms) = preSolution
		Debug|Any CPU = Debug|Any CPU
		Release|Any CPU = Release|Any CPU
	EndGlobalSection
	GlobalSection(ProjectConfigurationPlatforms) = postSolution
		{888C8330-B9D0-4E05-A96C-A37801D7EA4C}.Debug|Any CPU.ActiveCfg = Debug|Any CPU
		{888C8330-B9D0-4E05-A96C-A37801D7EA4C}.Debug|Any CPU.Build.0 = Debug|Any CPU
		{888C8330-B9D0-4E05-A96C-A37801D7EA4C}.Release|Any CPU.ActiveCfg = Release|Any CPU
		{888C8330-B9D0-4E05-A96C-A37801D7EA4C}.Release|Any CPU.Build.0 = Release|Any CPU
	EndGlobalSection
	GlobalSection(SolutionProperties) = preSolution
		HideSolutionNode = FALSE
	EndGlobalSection
	GlobalSection(ExtensibilityGlobals) = postSolution
		SolutionGuid = {06B114CE-A26A-4777-AB78-2620BC450061}
	EndGlobalSection
EndGlobal
