
Microsoft Visual Studio Solution File, Format Version 12.00
# Visual Studio Version 17
VisualStudioVersion = 17.5.33516.290
MinimumVisualStudioVersion = 10.0.40219.1
Project("{FAE04EC0-301F-11D3-BF4B-00C04F79EFBC}") = "String replace", "String replace\String replace.csproj", "{C68350B8-8712-4FB9-A28A-55DC5D1327CF}"
EndProject
Global
	GlobalSection(SolutionConfigurationPlatforms) = preSolution
		Debug|Any CPU = Debug|Any CPU
		Release|Any CPU = Release|Any CPU
	EndGlobalSection
	GlobalSection(ProjectConfigurationPlatforms) = postSolution
		{C68350B8-8712-4FB9-A28A-55DC5D1327CF}.Debug|Any CPU.ActiveCfg = Debug|Any CPU
		{C68350B8-8712-4FB9-A28A-55DC5D1327CF}.Debug|Any CPU.Build.0 = Debug|Any CPU
		{C68350B8-8712-4FB9-A28A-55DC5D1327CF}.Release|Any CPU.ActiveCfg = Release|Any CPU
		{C68350B8-8712-4FB9-A28A-55DC5D1327CF}.Release|Any CPU.Build.0 = Release|Any CPU
	EndGlobalSection
	GlobalSection(SolutionProperties) = preSolution
		HideSolutionNode = FALSE
	EndGlobalSection
	GlobalSection(ExtensibilityGlobals) = postSolution
		SolutionGuid = {B971E8B6-B011-4402-AF46-14BC2A63ABC5}
	EndGlobalSection
EndGlobal
