
Microsoft Visual Studio Solution File, Format Version 12.00
# Visual Studio Version 17
VisualStudioVersion = 17.5.33516.290
MinimumVisualStudioVersion = 10.0.40219.1
Project("{FAE04EC0-301F-11D3-BF4B-00C04F79EFBC}") = "String_username and password", "String_username and password\String_username and password.csproj", "{574FFC78-ABE5-4B37-B2D2-0D44BC2B120B}"
EndProject
Global
	GlobalSection(SolutionConfigurationPlatforms) = preSolution
		Debug|Any CPU = Debug|Any CPU
		Release|Any CPU = Release|Any CPU
	EndGlobalSection
	GlobalSection(ProjectConfigurationPlatforms) = postSolution
		{574FFC78-ABE5-4B37-B2D2-0D44BC2B120B}.Debug|Any CPU.ActiveCfg = Debug|Any CPU
		{574FFC78-ABE5-4B37-B2D2-0D44BC2B120B}.Debug|Any CPU.Build.0 = Debug|Any CPU
		{574FFC78-ABE5-4B37-B2D2-0D44BC2B120B}.Release|Any CPU.ActiveCfg = Release|Any CPU
		{574FFC78-ABE5-4B37-B2D2-0D44BC2B120B}.Release|Any CPU.Build.0 = Release|Any CPU
	EndGlobalSection
	GlobalSection(SolutionProperties) = preSolution
		HideSolutionNode = FALSE
	EndGlobalSection
	GlobalSection(ExtensibilityGlobals) = postSolution
		SolutionGuid = {85E036F3-B0EC-4824-8D20-E45531D158AF}
	EndGlobalSection
EndGlobal
