
Microsoft Visual Studio Solution File, Format Version 12.00
# Visual Studio Version 17
VisualStudioVersion = 17.5.33516.290
MinimumVisualStudioVersion = 10.0.40219.1
Project("{FAE04EC0-301F-11D3-BF4B-00C04F79EFBC}") = "27-Question1", "27-Question1\27-Question1.csproj", "{BBB91D15-55C7-4C3C-8B68-1F216116E820}"
EndProject
Global
	GlobalSection(SolutionConfigurationPlatforms) = preSolution
		Debug|Any CPU = Debug|Any CPU
		Release|Any CPU = Release|Any CPU
	EndGlobalSection
	GlobalSection(ProjectConfigurationPlatforms) = postSolution
		{BBB91D15-55C7-4C3C-8B68-1F216116E820}.Debug|Any CPU.ActiveCfg = Debug|Any CPU
		{BBB91D15-55C7-4C3C-8B68-1F216116E820}.Debug|Any CPU.Build.0 = Debug|Any CPU
		{BBB91D15-55C7-4C3C-8B68-1F216116E820}.Release|Any CPU.ActiveCfg = Release|Any CPU
		{BBB91D15-55C7-4C3C-8B68-1F216116E820}.Release|Any CPU.Build.0 = Release|Any CPU
	EndGlobalSection
	GlobalSection(SolutionProperties) = preSolution
		HideSolutionNode = FALSE
	EndGlobalSection
	GlobalSection(ExtensibilityGlobals) = postSolution
		SolutionGuid = {DC697E10-FF35-4F81-BB43-28A9AD86D822}
	EndGlobalSection
EndGlobal
