
Microsoft Visual Studio Solution File, Format Version 12.00
# Visual Studio Version 17
VisualStudioVersion = 17.5.33516.290
MinimumVisualStudioVersion = 10.0.40219.1
Project("{FAE04EC0-301F-11D3-BF4B-00C04F79EFBC}") = "requirement 3", "song\requirement 3.csproj", "{24EF35A6-B87A-4F07-8AF0-9640A1721A84}"
EndProject
Project("{FAE04EC0-301F-11D3-BF4B-00C04F79EFBC}") = "requirement 1", "requirement 1\requirement 1.csproj", "{72D27559-8C79-46D5-BE6F-066D4BF0D390}"
EndProject
Project("{FAE04EC0-301F-11D3-BF4B-00C04F79EFBC}") = "requirement 2", "requirement 2\requirement 2.csproj", "{807BC7F3-DC32-4A62-8A76-0E7004963025}"
EndProject
Project("{FAE04EC0-301F-11D3-BF4B-00C04F79EFBC}") = "req 4", "req 4\req 4.csproj", "{A87206EC-547C-4881-B970-FC770ABB6BC9}"
EndProject
Project("{FAE04EC0-301F-11D3-BF4B-00C04F79EFBC}") = "requirement 5", "requirement 5\requirement 5.csproj", "{1D6DCBA7-2D1E-4103-AC5A-20824C610691}"
EndProject
Global
	GlobalSection(SolutionConfigurationPlatforms) = preSolution
		Debug|Any CPU = Debug|Any CPU
		Release|Any CPU = Release|Any CPU
	EndGlobalSection
	GlobalSection(ProjectConfigurationPlatforms) = postSolution
		{24EF35A6-B87A-4F07-8AF0-9640A1721A84}.Debug|Any CPU.ActiveCfg = Debug|Any CPU
		{24EF35A6-B87A-4F07-8AF0-9640A1721A84}.Debug|Any CPU.Build.0 = Debug|Any CPU
		{24EF35A6-B87A-4F07-8AF0-9640A1721A84}.Release|Any CPU.ActiveCfg = Release|Any CPU
		{24EF35A6-B87A-4F07-8AF0-9640A1721A84}.Release|Any CPU.Build.0 = Release|Any CPU
		{72D27559-8C79-46D5-BE6F-066D4BF0D390}.Debug|Any CPU.ActiveCfg = Debug|Any CPU
		{72D27559-8C79-46D5-BE6F-066D4BF0D390}.Debug|Any CPU.Build.0 = Debug|Any CPU
		{72D27559-8C79-46D5-BE6F-066D4BF0D390}.Release|Any CPU.ActiveCfg = Release|Any CPU
		{72D27559-8C79-46D5-BE6F-066D4BF0D390}.Release|Any CPU.Build.0 = Release|Any CPU
		{807BC7F3-DC32-4A62-8A76-0E7004963025}.Debug|Any CPU.ActiveCfg = Debug|Any CPU
		{807BC7F3-DC32-4A62-8A76-0E7004963025}.Debug|Any CPU.Build.0 = Debug|Any CPU
		{807BC7F3-DC32-4A62-8A76-0E7004963025}.Release|Any CPU.ActiveCfg = Release|Any CPU
		{807BC7F3-DC32-4A62-8A76-0E7004963025}.Release|Any CPU.Build.0 = Release|Any CPU
		{A87206EC-547C-4881-B970-FC770ABB6BC9}.Debug|Any CPU.ActiveCfg = Debug|Any CPU
		{A87206EC-547C-4881-B970-FC770ABB6BC9}.Debug|Any CPU.Build.0 = Debug|Any CPU
		{A87206EC-547C-4881-B970-FC770ABB6BC9}.Release|Any CPU.ActiveCfg = Release|Any CPU
		{A87206EC-547C-4881-B970-FC770ABB6BC9}.Release|Any CPU.Build.0 = Release|Any CPU
		{1D6DCBA7-2D1E-4103-AC5A-20824C610691}.Debug|Any CPU.ActiveCfg = Debug|Any CPU
		{1D6DCBA7-2D1E-4103-AC5A-20824C610691}.Debug|Any CPU.Build.0 = Debug|Any CPU
		{1D6DCBA7-2D1E-4103-AC5A-20824C610691}.Release|Any CPU.ActiveCfg = Release|Any CPU
		{1D6DCBA7-2D1E-4103-AC5A-20824C610691}.Release|Any CPU.Build.0 = Release|Any CPU
	EndGlobalSection
	GlobalSection(SolutionProperties) = preSolution
		HideSolutionNode = FALSE
	EndGlobalSection
	GlobalSection(ExtensibilityGlobals) = postSolution
		SolutionGuid = {BFD940B7-9A51-4B50-B48A-F8C39738A192}
	EndGlobalSection
EndGlobal
