
Microsoft Visual Studio Solution File, Format Version 12.00
# Visual Studio Version 17
VisualStudioVersion = 17.5.33516.290
MinimumVisualStudioVersion = 10.0.40219.1
Project("{FAE04EC0-301F-11D3-BF4B-00C04F79EFBC}") = "String reverse1", "String reverse1\String reverse1.csproj", "{590C7F19-4209-433B-B27E-6D66676A5003}"
EndProject
Global
	GlobalSection(SolutionConfigurationPlatforms) = preSolution
		Debug|Any CPU = Debug|Any CPU
		Release|Any CPU = Release|Any CPU
	EndGlobalSection
	GlobalSection(ProjectConfigurationPlatforms) = postSolution
		{590C7F19-4209-433B-B27E-6D66676A5003}.Debug|Any CPU.ActiveCfg = Debug|Any CPU
		{590C7F19-4209-433B-B27E-6D66676A5003}.Debug|Any CPU.Build.0 = Debug|Any CPU
		{590C7F19-4209-433B-B27E-6D66676A5003}.Release|Any CPU.ActiveCfg = Release|Any CPU
		{590C7F19-4209-433B-B27E-6D66676A5003}.Release|Any CPU.Build.0 = Release|Any CPU
	EndGlobalSection
	GlobalSection(SolutionProperties) = preSolution
		HideSolutionNode = FALSE
	EndGlobalSection
	GlobalSection(ExtensibilityGlobals) = postSolution
		SolutionGuid = {8F170115-B803-4058-933B-401153E938A5}
	EndGlobalSection
EndGlobal
