
Microsoft Visual Studio Solution File, Format Version 12.00
# Visual Studio Version 17
VisualStudioVersion = 17.5.33516.290
MinimumVisualStudioVersion = 10.0.40219.1
Project("{FAE04EC0-301F-11D3-BF4B-00C04F79EFBC}") = "Polymorphism demo", "Polymorphism demo\Polymorphism demo.csproj", "{88413076-82C7-48BC-9D68-43CECC9F5E12}"
EndProject
Global
	GlobalSection(SolutionConfigurationPlatforms) = preSolution
		Debug|Any CPU = Debug|Any CPU
		Release|Any CPU = Release|Any CPU
	EndGlobalSection
	GlobalSection(ProjectConfigurationPlatforms) = postSolution
		{88413076-82C7-48BC-9D68-43CECC9F5E12}.Debug|Any CPU.ActiveCfg = Debug|Any CPU
		{88413076-82C7-48BC-9D68-43CECC9F5E12}.Debug|Any CPU.Build.0 = Debug|Any CPU
		{88413076-82C7-48BC-9D68-43CECC9F5E12}.Release|Any CPU.ActiveCfg = Release|Any CPU
		{88413076-82C7-48BC-9D68-43CECC9F5E12}.Release|Any CPU.Build.0 = Release|Any CPU
	EndGlobalSection
	GlobalSection(SolutionProperties) = preSolution
		HideSolutionNode = FALSE
	EndGlobalSection
	GlobalSection(ExtensibilityGlobals) = postSolution
		SolutionGuid = {6061C38D-D18E-4CA4-A07A-AC2622EE27AF}
	EndGlobalSection
EndGlobal
