
Microsoft Visual Studio Solution File, Format Version 12.00
# Visual Studio Version 17
VisualStudioVersion = 17.5.33516.290
MinimumVisualStudioVersion = 10.0.40219.1
Project("{FAE04EC0-301F-11D3-BF4B-00C04F79EFBC}") = "Debug demo", "Debug demo\Debug demo.csproj", "{E77D15F8-DC62-4C49-AF3C-16CDC1471ED0}"
EndProject
Global
	GlobalSection(SolutionConfigurationPlatforms) = preSolution
		Debug|Any CPU = Debug|Any CPU
		Release|Any CPU = Release|Any CPU
	EndGlobalSection
	GlobalSection(ProjectConfigurationPlatforms) = postSolution
		{E77D15F8-DC62-4C49-AF3C-16CDC1471ED0}.Debug|Any CPU.ActiveCfg = Debug|Any CPU
		{E77D15F8-DC62-4C49-AF3C-16CDC1471ED0}.Debug|Any CPU.Build.0 = Debug|Any CPU
		{E77D15F8-DC62-4C49-AF3C-16CDC1471ED0}.Release|Any CPU.ActiveCfg = Release|Any CPU
		{E77D15F8-DC62-4C49-AF3C-16CDC1471ED0}.Release|Any CPU.Build.0 = Release|Any CPU
	EndGlobalSection
	GlobalSection(SolutionProperties) = preSolution
		HideSolutionNode = FALSE
	EndGlobalSection
	GlobalSection(ExtensibilityGlobals) = postSolution
		SolutionGuid = {839560C1-0CCA-4B86-BFAA-19FF60BDE1C1}
	EndGlobalSection
EndGlobal
