
Microsoft Visual Studio Solution File, Format Version 12.00
# Visual Studio Version 17
VisualStudioVersion = 17.5.33516.290
MinimumVisualStudioVersion = 10.0.40219.1
Project("{FAE04EC0-301F-11D3-BF4B-00C04F79EFBC}") = "RazorPagesMovie", "RazorPagesMovie\RazorPagesMovie.csproj", "{9BA39DC3-928E-4B9F-973F-ED1952D718F6}"
EndProject
Global
	GlobalSection(SolutionConfigurationPlatforms) = preSolution
		Debug|Any CPU = Debug|Any CPU
		Release|Any CPU = Release|Any CPU
	EndGlobalSection
	GlobalSection(ProjectConfigurationPlatforms) = postSolution
		{9BA39DC3-928E-4B9F-973F-ED1952D718F6}.Debug|Any CPU.ActiveCfg = Debug|Any CPU
		{9BA39DC3-928E-4B9F-973F-ED1952D718F6}.Debug|Any CPU.Build.0 = Debug|Any CPU
		{9BA39DC3-928E-4B9F-973F-ED1952D718F6}.Release|Any CPU.ActiveCfg = Release|Any CPU
		{9BA39DC3-928E-4B9F-973F-ED1952D718F6}.Release|Any CPU.Build.0 = Release|Any CPU
	EndGlobalSection
	GlobalSection(SolutionProperties) = preSolution
		HideSolutionNode = FALSE
	EndGlobalSection
	GlobalSection(ExtensibilityGlobals) = postSolution
		SolutionGuid = {DA93A4B1-A608-46DC-B1B0-C0D18EBA89DD}
	EndGlobalSection
EndGlobal
