
Microsoft Visual Studio Solution File, Format Version 12.00
# Visual Studio Version 17
VisualStudioVersion = 17.5.33516.290
MinimumVisualStudioVersion = 10.0.40219.1
Project("{FAE04EC0-301F-11D3-BF4B-00C04F79EFBC}") = "ClassLibrary2", "ClassLibrary2\ClassLibrary2.csproj", "{5F3946B8-DEBA-4A28-948D-E2B01671A8AB}"
EndProject
Project("{FAE04EC0-301F-11D3-BF4B-00C04F79EFBC}") = "BasicMathTest", "BasicMathTest\BasicMathTest.csproj", "{3DEE9515-E6D7-4AFD-928A-D780F9673C47}"
EndProject
Global
	GlobalSection(SolutionConfigurationPlatforms) = preSolution
		Debug|Any CPU = Debug|Any CPU
		Release|Any CPU = Release|Any CPU
	EndGlobalSection
	GlobalSection(ProjectConfigurationPlatforms) = postSolution
		{5F3946B8-DEBA-4A28-948D-E2B01671A8AB}.Debug|Any CPU.ActiveCfg = Debug|Any CPU
		{5F3946B8-DEBA-4A28-948D-E2B01671A8AB}.Debug|Any CPU.Build.0 = Debug|Any CPU
		{5F3946B8-DEBA-4A28-948D-E2B01671A8AB}.Release|Any CPU.ActiveCfg = Release|Any CPU
		{5F3946B8-DEBA-4A28-948D-E2B01671A8AB}.Release|Any CPU.Build.0 = Release|Any CPU
		{3DEE9515-E6D7-4AFD-928A-D780F9673C47}.Debug|Any CPU.ActiveCfg = Debug|Any CPU
		{3DEE9515-E6D7-4AFD-928A-D780F9673C47}.Debug|Any CPU.Build.0 = Debug|Any CPU
		{3DEE9515-E6D7-4AFD-928A-D780F9673C47}.Release|Any CPU.ActiveCfg = Release|Any CPU
		{3DEE9515-E6D7-4AFD-928A-D780F9673C47}.Release|Any CPU.Build.0 = Release|Any CPU
	EndGlobalSection
	GlobalSection(SolutionProperties) = preSolution
		HideSolutionNode = FALSE
	EndGlobalSection
	GlobalSection(ExtensibilityGlobals) = postSolution
		SolutionGuid = {63560829-3073-4F6E-B42D-EAE968488EA4}
	EndGlobalSection
EndGlobal
